
Microsoft Visual Studio Solution File, Format Version 12.00
# Visual Studio 15
VisualStudioVersion = 15.0.27428.2037
MinimumVisualStudioVersion = 10.0.40219.1
Project("{FAE04EC0-301F-11D3-BF4B-00C04F79EFBC}") = "PowerLibrary", "PowerLibrary\PowerLibrary.csproj", "{BAA424B9-FC13-4F0F-9E76-2182EA97FF9B}"
EndProject
Project("{FAE04EC0-301F-11D3-BF4B-00C04F79EFBC}") = "Tests", "Tests\Tests.csproj", "{C6973B79-197C-490E-A09A-5824D418493C}"
EndProject
Global
	GlobalSection(SolutionConfigurationPlatforms) = preSolution
		Debug|Any CPU = Debug|Any CPU
		Debug|x64 = Debug|x64
		Release|Any CPU = Release|Any CPU
		Release|x64 = Release|x64
	EndGlobalSection
	GlobalSection(ProjectConfigurationPlatforms) = postSolution
		{BAA424B9-FC13-4F0F-9E76-2182EA97FF9B}.Debug|Any CPU.ActiveCfg = Debug|Any CPU
		{BAA424B9-FC13-4F0F-9E76-2182EA97FF9B}.Debug|Any CPU.Build.0 = Debug|Any CPU
		{BAA424B9-FC13-4F0F-9E76-2182EA97FF9B}.Debug|x64.ActiveCfg = Debug|x64
		{BAA424B9-FC13-4F0F-9E76-2182EA97FF9B}.Debug|x64.Build.0 = Debug|x64
		{BAA424B9-FC13-4F0F-9E76-2182EA97FF9B}.Release|Any CPU.ActiveCfg = Release|Any CPU
		{BAA424B9-FC13-4F0F-9E76-2182EA97FF9B}.Release|Any CPU.Build.0 = Release|Any CPU
		{BAA424B9-FC13-4F0F-9E76-2182EA97FF9B}.Release|x64.ActiveCfg = Release|x64
		{BAA424B9-FC13-4F0F-9E76-2182EA97FF9B}.Release|x64.Build.0 = Release|x64
		{C6973B79-197C-490E-A09A-5824D418493C}.Debug|Any CPU.ActiveCfg = Debug|Any CPU
		{C6973B79-197C-490E-A09A-5824D418493C}.Debug|Any CPU.Build.0 = Debug|Any CPU
		{C6973B79-197C-490E-A09A-5824D418493C}.Debug|x64.ActiveCfg = Debug|Any CPU
		{C6973B79-197C-490E-A09A-5824D418493C}.Debug|x64.Build.0 = Debug|Any CPU
		{C6973B79-197C-490E-A09A-5824D418493C}.Release|Any CPU.ActiveCfg = Release|Any CPU
		{C6973B79-197C-490E-A09A-5824D418493C}.Release|Any CPU.Build.0 = Release|Any CPU
		{C6973B79-197C-490E-A09A-5824D418493C}.Release|x64.ActiveCfg = Release|Any CPU
		{C6973B79-197C-490E-A09A-5824D418493C}.Release|x64.Build.0 = Release|Any CPU
	EndGlobalSection
	GlobalSection(SolutionProperties) = preSolution
		HideSolutionNode = FALSE
	EndGlobalSection
	GlobalSection(ExtensibilityGlobals) = postSolution
		SolutionGuid = {6F8A0623-ECA9-43AA-9BF7-44363673FFCB}
	EndGlobalSection
EndGlobal
